
Microsoft Visual Studio Solution File, Format Version 12.00
# Visual Studio Version 16
VisualStudioVersion = 16.0.32126.315
MinimumVisualStudioVersion = 10.0.40219.1
Project("{FAE04EC0-301F-11D3-BF4B-00C04F79EFBC}") = "NewYearWidget", "NewYearWidget.csproj", "{A2BBC95E-962D-4C52-A9AF-83A3118795FE}"
EndProject
Global
	GlobalSection(SolutionConfigurationPlatforms) = preSolution
		Debug|Any CPU = Debug|Any CPU
		Release|Any CPU = Release|Any CPU
	EndGlobalSection
	GlobalSection(ProjectConfigurationPlatforms) = postSolution
		{A2BBC95E-962D-4C52-A9AF-83A3118795FE}.Debug|Any CPU.ActiveCfg = Debug|Any CPU
		{A2BBC95E-962D-4C52-A9AF-83A3118795FE}.Debug|Any CPU.Build.0 = Debug|Any CPU
		{A2BBC95E-962D-4C52-A9AF-83A3118795FE}.Release|Any CPU.ActiveCfg = Release|Any CPU
		{A2BBC95E-962D-4C52-A9AF-83A3118795FE}.Release|Any CPU.Build.0 = Release|Any CPU
	EndGlobalSection
	GlobalSection(SolutionProperties) = preSolution
		HideSolutionNode = FALSE
	EndGlobalSection
	GlobalSection(ExtensibilityGlobals) = postSolution
		SolutionGuid = {A6917EEA-6A48-4E30-9A32-4D86F4312B71}
	EndGlobalSection
EndGlobal
